
Microsoft Visual Studio Solution File, Format Version 12.00
# Visual Studio Version 16
VisualStudioVersion = 16.0.30503.244
MinimumVisualStudioVersion = 10.0.40219.1
Project("{FAE04EC0-301F-11D3-BF4B-00C04F79EFBC}") = "HarcosProjekt", "HarcosProjekt.csproj", "{067FF245-1F65-4541-AC46-9326F6612F4B}"
EndProject
Global
	GlobalSection(SolutionConfigurationPlatforms) = preSolution
		Debug|Any CPU = Debug|Any CPU
		Release|Any CPU = Release|Any CPU
	EndGlobalSection
	GlobalSection(ProjectConfigurationPlatforms) = postSolution
		{067FF245-1F65-4541-AC46-9326F6612F4B}.Debug|Any CPU.ActiveCfg = Debug|Any CPU
		{067FF245-1F65-4541-AC46-9326F6612F4B}.Debug|Any CPU.Build.0 = Debug|Any CPU
		{067FF245-1F65-4541-AC46-9326F6612F4B}.Release|Any CPU.ActiveCfg = Release|Any CPU
		{067FF245-1F65-4541-AC46-9326F6612F4B}.Release|Any CPU.Build.0 = Release|Any CPU
	EndGlobalSection
	GlobalSection(SolutionProperties) = preSolution
		HideSolutionNode = FALSE
	EndGlobalSection
	GlobalSection(ExtensibilityGlobals) = postSolution
		SolutionGuid = {3A6AD35F-028F-4CDF-9527-6FE0AE0F2073}
	EndGlobalSection
EndGlobal
